
Microsoft Visual Studio Solution File, Format Version 12.00
# Visual Studio 15
VisualStudioVersion = 15.0.27703.2018
MinimumVisualStudioVersion = 10.0.40219.1
Project("{2150E333-8FDC-42A3-9474-1A3956D46DE8}") = "Solution Items", "Solution Items", "{95E47E3B-0F08-4CE8-ABA1-3D72A0B9598B}"
	ProjectSection(SolutionItems) = preProject
		README.md = README.md
	EndProjectSection
EndProject
Project("{FAE04EC0-301F-11D3-BF4B-00C04F79EFBC}") = "HelloWorld", "HelloWorld\HelloWorld.csproj", "{B5FCAAAE-C304-4319-8E62-1E7D8CB076D0}"
EndProject
Project("{FAE04EC0-301F-11D3-BF4B-00C04F79EFBC}") = "HelloWorld.Tests", "HelloWorld.Tests\HelloWorld.Tests.csproj", "{B036A15C-0343-486F-96FB-48184CE2D6D0}"
EndProject
Global
	GlobalSection(SolutionConfigurationPlatforms) = preSolution
		Debug|Any CPU = Debug|Any CPU
		Release|Any CPU = Release|Any CPU
	EndGlobalSection
	GlobalSection(ProjectConfigurationPlatforms) = postSolution
		{B5FCAAAE-C304-4319-8E62-1E7D8CB076D0}.Debug|Any CPU.ActiveCfg = Debug|Any CPU
		{B5FCAAAE-C304-4319-8E62-1E7D8CB076D0}.Debug|Any CPU.Build.0 = Debug|Any CPU
		{B5FCAAAE-C304-4319-8E62-1E7D8CB076D0}.Release|Any CPU.ActiveCfg = Release|Any CPU
		{B5FCAAAE-C304-4319-8E62-1E7D8CB076D0}.Release|Any CPU.Build.0 = Release|Any CPU
		{B036A15C-0343-486F-96FB-48184CE2D6D0}.Debug|Any CPU.ActiveCfg = Debug|Any CPU
		{B036A15C-0343-486F-96FB-48184CE2D6D0}.Debug|Any CPU.Build.0 = Debug|Any CPU
		{B036A15C-0343-486F-96FB-48184CE2D6D0}.Release|Any CPU.ActiveCfg = Release|Any CPU
		{B036A15C-0343-486F-96FB-48184CE2D6D0}.Release|Any CPU.Build.0 = Release|Any CPU
	EndGlobalSection
	GlobalSection(SolutionProperties) = preSolution
		HideSolutionNode = FALSE
	EndGlobalSection
	GlobalSection(ExtensibilityGlobals) = postSolution
		SolutionGuid = {138BD79C-BB95-4C16-8399-E442364509A7}
	EndGlobalSection
EndGlobal
